
Microsoft Visual Studio Solution File, Format Version 12.00
# Visual Studio 2013
VisualStudioVersion = 12.0.21005.1
MinimumVisualStudioVersion = 10.0.40219.1
Project("{FAE04EC0-301F-11D3-BF4B-00C04F79EFBC}") = "exercise04", "exercise04\exercise04.csproj", "{23A4BA0D-650F-4264-9158-F8D900BB85F6}"
EndProject
Project("{FAE04EC0-301F-11D3-BF4B-00C04F79EFBC}") = "UnitTestProject1", "UnitTestProject1\UnitTestProject1.csproj", "{D9412076-EB52-4FD8-B81E-25C56BAF0191}"
EndProject
Global
	GlobalSection(SolutionConfigurationPlatforms) = preSolution
		Debug|Any CPU = Debug|Any CPU
		Release|Any CPU = Release|Any CPU
	EndGlobalSection
	GlobalSection(ProjectConfigurationPlatforms) = postSolution
		{23A4BA0D-650F-4264-9158-F8D900BB85F6}.Debug|Any CPU.ActiveCfg = Debug|Any CPU
		{23A4BA0D-650F-4264-9158-F8D900BB85F6}.Debug|Any CPU.Build.0 = Debug|Any CPU
		{23A4BA0D-650F-4264-9158-F8D900BB85F6}.Release|Any CPU.ActiveCfg = Release|Any CPU
		{23A4BA0D-650F-4264-9158-F8D900BB85F6}.Release|Any CPU.Build.0 = Release|Any CPU
		{D9412076-EB52-4FD8-B81E-25C56BAF0191}.Debug|Any CPU.ActiveCfg = Debug|Any CPU
		{D9412076-EB52-4FD8-B81E-25C56BAF0191}.Debug|Any CPU.Build.0 = Debug|Any CPU
		{D9412076-EB52-4FD8-B81E-25C56BAF0191}.Release|Any CPU.ActiveCfg = Release|Any CPU
		{D9412076-EB52-4FD8-B81E-25C56BAF0191}.Release|Any CPU.Build.0 = Release|Any CPU
	EndGlobalSection
	GlobalSection(SolutionProperties) = preSolution
		HideSolutionNode = FALSE
	EndGlobalSection
EndGlobal
